
Microsoft Visual Studio Solution File, Format Version 10.00
# Visual Studio 2008
Project("{54435603-DBB4-11D2-8724-00A0C9A8B90C}") = "DisplayDataSetup", "DisplayDataSetup\DisplayDataSetup.vdproj", "{51098F8C-FB28-4E65-BC96-0F8F78E1A57B}"
EndProject
Global
	GlobalSection(SolutionConfigurationPlatforms) = preSolution
		Debug|Default = Debug|Default
		Release|Default = Release|Default
	EndGlobalSection
	GlobalSection(ProjectConfigurationPlatforms) = postSolution
		{51098F8C-FB28-4E65-BC96-0F8F78E1A57B}.Debug|Default.ActiveCfg = Debug
		{51098F8C-FB28-4E65-BC96-0F8F78E1A57B}.Debug|Default.Build.0 = Debug
		{51098F8C-FB28-4E65-BC96-0F8F78E1A57B}.Release|Default.ActiveCfg = Release
		{51098F8C-FB28-4E65-BC96-0F8F78E1A57B}.Release|Default.Build.0 = Release
	EndGlobalSection
	GlobalSection(SolutionProperties) = preSolution
		HideSolutionNode = FALSE
	EndGlobalSection
EndGlobal
